// !$*UTF8*$!
{
	archiveVersion = 1;
	classes = {
	};
	objectVersion = 56;
	objects = {

/* Begin PBXBuildFile section */
		10A792466B32CD9987DCB0EA /* Pods_mobile2Tests.framework in Frameworks */ = {isa = PBXBuildFile; fileRef = 4CFB5B3E0C0410BB809C8203 /* Pods_mobile2Tests.framework */; };
		6D5CA7EFCA50AD8BD44D0C50 /* Pods_mobile2_mobile2UITests.framework in Frameworks */ = {isa = PBXBuildFile; fileRef = 0D46572E8FAC65E584E4CB75 /* Pods_mobile2_mobile2UITests.framework */; };
		955AE608B0BD5DBD96875E4E /* Pods_mobile2.framework in Frameworks */ = {isa = PBXBuildFile; fileRef = B8E744B5133238D138E3520F /* Pods_mobile2.framework */; };
		C363AD512D68146600F85149 /* videoSpotifyLogin.mp4 in Resources */ = {isa = PBXBuildFile; fileRef = C363AD502D68146600F85149 /* videoSpotifyLogin.mp4 */; };
		C37A9EE42D544B50008EF8AB /* TemperatureViewController.swift in Sources */ = {isa = PBXBuildFile; fileRef = C37A9EE32D544B50008EF8AB /* TemperatureViewController.swift */; };
		C37E36532D4B1082009D7FBE /* AppDelegate.swift in Sources */ = {isa = PBXBuildFile; fileRef = C37E36522D4B1082009D7FBE /* AppDelegate.swift */; };
		C37E36552D4B1082009D7FBE /* SceneDelegate.swift in Sources */ = {isa = PBXBuildFile; fileRef = C37E36542D4B1082009D7FBE /* SceneDelegate.swift */; };
		C37E36572D4B1082009D7FBE /* ViewController.swift in Sources */ = {isa = PBXBuildFile; fileRef = C37E36562D4B1082009D7FBE /* ViewController.swift */; };
		C37E365A2D4B1082009D7FBE /* Main.storyboard in Resources */ = {isa = PBXBuildFile; fileRef = C37E36582D4B1082009D7FBE /* Main.storyboard */; };
		C37E365C2D4B1086009D7FBE /* Assets.xcassets in Resources */ = {isa = PBXBuildFile; fileRef = C37E365B2D4B1086009D7FBE /* Assets.xcassets */; };
		C37E365F2D4B1086009D7FBE /* LaunchScreen.storyboard in Resources */ = {isa = PBXBuildFile; fileRef = C37E365D2D4B1086009D7FBE /* LaunchScreen.storyboard */; };
		C37E366A2D4B1087009D7FBE /* mobile2Tests.swift in Sources */ = {isa = PBXBuildFile; fileRef = C37E36692D4B1087009D7FBE /* mobile2Tests.swift */; };
		C37E36742D4B1087009D7FBE /* mobile2UITests.swift in Sources */ = {isa = PBXBuildFile; fileRef = C37E36732D4B1087009D7FBE /* mobile2UITests.swift */; };
		C37E36762D4B1087009D7FBE /* mobile2UITestsLaunchTests.swift in Sources */ = {isa = PBXBuildFile; fileRef = C37E36752D4B1087009D7FBE /* mobile2UITestsLaunchTests.swift */; };
		C39F1D342D5ADBB400E35F13 /* Example.swift in Sources */ = {isa = PBXBuildFile; fileRef = C39F1D332D5ADBB400E35F13 /* Example.swift */; };
		C39F1D362D5C2BB200E35F13 /* SumViewController.swift in Sources */ = {isa = PBXBuildFile; fileRef = C39F1D352D5C2BB200E35F13 /* SumViewController.swift */; };
		C3E89C812D66BDF30042D0D9 /* SpotifyLoginViewController.swift in Sources */ = {isa = PBXBuildFile; fileRef = C3E89C802D66BDF30042D0D9 /* SpotifyLoginViewController.swift */; };
		C3FFD8E62D6EA55F0071AA60 /* FirstPartialViewController.swift in Sources */ = {isa = PBXBuildFile; fileRef = C3FFD8E52D6EA55F0071AA60 /* FirstPartialViewController.swift */; };
/* End PBXBuildFile section */

/* Begin PBXContainerItemProxy section */
		C37E36662D4B1086009D7FBE /* PBXContainerItemProxy */ = {
			isa = PBXContainerItemProxy;
			containerPortal = C37E36472D4B1082009D7FBE /* Project object */;
			proxyType = 1;
			remoteGlobalIDString = C37E364E2D4B1082009D7FBE;
			remoteInfo = mobile2;
		};
		C37E36702D4B1087009D7FBE /* PBXContainerItemProxy */ = {
			isa = PBXContainerItemProxy;
			containerPortal = C37E36472D4B1082009D7FBE /* Project object */;
			proxyType = 1;
			remoteGlobalIDString = C37E364E2D4B1082009D7FBE;
			remoteInfo = mobile2;
		};
/* End PBXContainerItemProxy section */

/* Begin PBXFileReference section */
		0D46572E8FAC65E584E4CB75 /* Pods_mobile2_mobile2UITests.framework */ = {isa = PBXFileReference; explicitFileType = wrapper.framework; includeInIndex = 0; path = Pods_mobile2_mobile2UITests.framework; sourceTree = BUILT_PRODUCTS_DIR; };
		36802FC90FDC2CC7F94ED494 /* Pods-mobile2-mobile2UITests.debug.xcconfig */ = {isa = PBXFileReference; includeInIndex = 1; lastKnownFileType = text.xcconfig; name = "Pods-mobile2-mobile2UITests.debug.xcconfig"; path = "Target Support Files/Pods-mobile2-mobile2UITests/Pods-mobile2-mobile2UITests.debug.xcconfig"; sourceTree = "<group>"; };
		4CFB5B3E0C0410BB809C8203 /* Pods_mobile2Tests.framework */ = {isa = PBXFileReference; explicitFileType = wrapper.framework; includeInIndex = 0; path = Pods_mobile2Tests.framework; sourceTree = BUILT_PRODUCTS_DIR; };
		8926B5BCABAADCE4DB6B490B /* Pods-mobile2Tests.release.xcconfig */ = {isa = PBXFileReference; includeInIndex = 1; lastKnownFileType = text.xcconfig; name = "Pods-mobile2Tests.release.xcconfig"; path = "Target Support Files/Pods-mobile2Tests/Pods-mobile2Tests.release.xcconfig"; sourceTree = "<group>"; };
		AB14BF9940CFEDF7450BD08A /* Pods-mobile2Tests.debug.xcconfig */ = {isa = PBXFileReference; includeInIndex = 1; lastKnownFileType = text.xcconfig; name = "Pods-mobile2Tests.debug.xcconfig"; path = "Target Support Files/Pods-mobile2Tests/Pods-mobile2Tests.debug.xcconfig"; sourceTree = "<group>"; };
		B8E744B5133238D138E3520F /* Pods_mobile2.framework */ = {isa = PBXFileReference; explicitFileType = wrapper.framework; includeInIndex = 0; path = Pods_mobile2.framework; sourceTree = BUILT_PRODUCTS_DIR; };
		C363AD502D68146600F85149 /* videoSpotifyLogin.mp4 */ = {isa = PBXFileReference; lastKnownFileType = file; path = videoSpotifyLogin.mp4; sourceTree = "<group>"; };
		C37A9EE32D544B50008EF8AB /* TemperatureViewController.swift */ = {isa = PBXFileReference; lastKnownFileType = sourcecode.swift; path = TemperatureViewController.swift; sourceTree = "<group>"; };
		C37E364F2D4B1082009D7FBE /* mobile2.app */ = {isa = PBXFileReference; explicitFileType = wrapper.application; includeInIndex = 0; path = mobile2.app; sourceTree = BUILT_PRODUCTS_DIR; };
		C37E36522D4B1082009D7FBE /* AppDelegate.swift */ = {isa = PBXFileReference; lastKnownFileType = sourcecode.swift; path = AppDelegate.swift; sourceTree = "<group>"; };
		C37E36542D4B1082009D7FBE /* SceneDelegate.swift */ = {isa = PBXFileReference; lastKnownFileType = sourcecode.swift; path = SceneDelegate.swift; sourceTree = "<group>"; };
		C37E36562D4B1082009D7FBE /* ViewController.swift */ = {isa = PBXFileReference; lastKnownFileType = sourcecode.swift; path = ViewController.swift; sourceTree = "<group>"; };
		C37E36592D4B1082009D7FBE /* Base */ = {isa = PBXFileReference; lastKnownFileType = file.storyboard; name = Base; path = Base.lproj/Main.storyboard; sourceTree = "<group>"; };
		C37E365B2D4B1086009D7FBE /* Assets.xcassets */ = {isa = PBXFileReference; lastKnownFileType = folder.assetcatalog; path = Assets.xcassets; sourceTree = "<group>"; };
		C37E365E2D4B1086009D7FBE /* Base */ = {isa = PBXFileReference; lastKnownFileType = file.storyboard; name = Base; path = Base.lproj/LaunchScreen.storyboard; sourceTree = "<group>"; };
		C37E36602D4B1086009D7FBE /* Info.plist */ = {isa = PBXFileReference; lastKnownFileType = text.plist.xml; path = Info.plist; sourceTree = "<group>"; };
		C37E36652D4B1086009D7FBE /* mobile2Tests.xctest */ = {isa = PBXFileReference; explicitFileType = wrapper.cfbundle; includeInIndex = 0; path = mobile2Tests.xctest; sourceTree = BUILT_PRODUCTS_DIR; };
		C37E36692D4B1087009D7FBE /* mobile2Tests.swift */ = {isa = PBXFileReference; lastKnownFileType = sourcecode.swift; path = mobile2Tests.swift; sourceTree = "<group>"; };
		C37E366F2D4B1087009D7FBE /* mobile2UITests.xctest */ = {isa = PBXFileReference; explicitFileType = wrapper.cfbundle; includeInIndex = 0; path = mobile2UITests.xctest; sourceTree = BUILT_PRODUCTS_DIR; };
		C37E36732D4B1087009D7FBE /* mobile2UITests.swift */ = {isa = PBXFileReference; lastKnownFileType = sourcecode.swift; path = mobile2UITests.swift; sourceTree = "<group>"; };
		C37E36752D4B1087009D7FBE /* mobile2UITestsLaunchTests.swift */ = {isa = PBXFileReference; lastKnownFileType = sourcecode.swift; path = mobile2UITestsLaunchTests.swift; sourceTree = "<group>"; };
		C39F1D332D5ADBB400E35F13 /* Example.swift */ = {isa = PBXFileReference; lastKnownFileType = sourcecode.swift; path = Example.swift; sourceTree = "<group>"; };
		C39F1D352D5C2BB200E35F13 /* SumViewController.swift */ = {isa = PBXFileReference; lastKnownFileType = sourcecode.swift; path = SumViewController.swift; sourceTree = "<group>"; };
		C3E89C802D66BDF30042D0D9 /* SpotifyLoginViewController.swift */ = {isa = PBXFileReference; lastKnownFileType = sourcecode.swift; path = SpotifyLoginViewController.swift; sourceTree = "<group>"; };
		C3FFD8E52D6EA55F0071AA60 /* FirstPartialViewController.swift */ = {isa = PBXFileReference; lastKnownFileType = sourcecode.swift; path = FirstPartialViewController.swift; sourceTree = "<group>"; };
		C9043B7EE4718E3054B921E7 /* Pods-mobile2.release.xcconfig */ = {isa = PBXFileReference; includeInIndex = 1; lastKnownFileType = text.xcconfig; name = "Pods-mobile2.release.xcconfig"; path = "Target Support Files/Pods-mobile2/Pods-mobile2.release.xcconfig"; sourceTree = "<group>"; };
		CB04E63161B2B6D13AA59560 /* Pods-mobile2.debug.xcconfig */ = {isa = PBXFileReference; includeInIndex = 1; lastKnownFileType = text.xcconfig; name = "Pods-mobile2.debug.xcconfig"; path = "Target Support Files/Pods-mobile2/Pods-mobile2.debug.xcconfig"; sourceTree = "<group>"; };
		FCE6FF8F0BD044ABE139B6C1 /* Pods-mobile2-mobile2UITests.release.xcconfig */ = {isa = PBXFileReference; includeInIndex = 1; lastKnownFileType = text.xcconfig; name = "Pods-mobile2-mobile2UITests.release.xcconfig"; path = "Target Support Files/Pods-mobile2-mobile2UITests/Pods-mobile2-mobile2UITests.release.xcconfig"; sourceTree = "<group>"; };
/* End PBXFileReference section */

/* Begin PBXFrameworksBuildPhase section */
		C37E364C2D4B1082009D7FBE /* Frameworks */ = {
			isa = PBXFrameworksBuildPhase;
			buildActionMask = 2147483647;
			files = (
				955AE608B0BD5DBD96875E4E /* Pods_mobile2.framework in Frameworks */,
			);
			runOnlyForDeploymentPostprocessing = 0;
		};
		C37E36622D4B1086009D7FBE /* Frameworks */ = {
			isa = PBXFrameworksBuildPhase;
			buildActionMask = 2147483647;
			files = (
				10A792466B32CD9987DCB0EA /* Pods_mobile2Tests.framework in Frameworks */,
			);
			runOnlyForDeploymentPostprocessing = 0;
		};
		C37E366C2D4B1087009D7FBE /* Frameworks */ = {
			isa = PBXFrameworksBuildPhase;
			buildActionMask = 2147483647;
			files = (
				6D5CA7EFCA50AD8BD44D0C50 /* Pods_mobile2_mobile2UITests.framework in Frameworks */,
			);
			runOnlyForDeploymentPostprocessing = 0;
		};
/* End PBXFrameworksBuildPhase section */

/* Begin PBXGroup section */
		0ADE52BE9271364E37EAD799 /* Frameworks */ = {
			isa = PBXGroup;
			children = (
				B8E744B5133238D138E3520F /* Pods_mobile2.framework */,
				0D46572E8FAC65E584E4CB75 /* Pods_mobile2_mobile2UITests.framework */,
				4CFB5B3E0C0410BB809C8203 /* Pods_mobile2Tests.framework */,
			);
			name = Frameworks;
			sourceTree = "<group>";
		};
		84F9DF9E685ACAB74120BD1C /* Pods */ = {
			isa = PBXGroup;
			children = (
				CB04E63161B2B6D13AA59560 /* Pods-mobile2.debug.xcconfig */,
				C9043B7EE4718E3054B921E7 /* Pods-mobile2.release.xcconfig */,
				36802FC90FDC2CC7F94ED494 /* Pods-mobile2-mobile2UITests.debug.xcconfig */,
				FCE6FF8F0BD044ABE139B6C1 /* Pods-mobile2-mobile2UITests.release.xcconfig */,
				AB14BF9940CFEDF7450BD08A /* Pods-mobile2Tests.debug.xcconfig */,
				8926B5BCABAADCE4DB6B490B /* Pods-mobile2Tests.release.xcconfig */,
			);
			path = Pods;
			sourceTree = "<group>";
		};
		C37E36462D4B1082009D7FBE = {
			isa = PBXGroup;
			children = (
				C37E36512D4B1082009D7FBE /* mobile2 */,
				C37E36682D4B1086009D7FBE /* mobile2Tests */,
				C37E36722D4B1087009D7FBE /* mobile2UITests */,
				C37E36502D4B1082009D7FBE /* Products */,
				84F9DF9E685ACAB74120BD1C /* Pods */,
				0ADE52BE9271364E37EAD799 /* Frameworks */,
			);
			sourceTree = "<group>";
		};
		C37E36502D4B1082009D7FBE /* Products */ = {
			isa = PBXGroup;
			children = (
				C37E364F2D4B1082009D7FBE /* mobile2.app */,
				C37E36652D4B1086009D7FBE /* mobile2Tests.xctest */,
				C37E366F2D4B1087009D7FBE /* mobile2UITests.xctest */,
			);
			name = Products;
			sourceTree = "<group>";
		};
		C37E36512D4B1082009D7FBE /* mobile2 */ = {
			isa = PBXGroup;
			children = (
				C3E89C7F2D66BD210042D0D9 /* Resources */,
				C37E36522D4B1082009D7FBE /* AppDelegate.swift */,
				C37E36542D4B1082009D7FBE /* SceneDelegate.swift */,
				C37E36562D4B1082009D7FBE /* ViewController.swift */,
				C37E36582D4B1082009D7FBE /* Main.storyboard */,
				C37E365B2D4B1086009D7FBE /* Assets.xcassets */,
				C37E365D2D4B1086009D7FBE /* LaunchScreen.storyboard */,
				C37E36602D4B1086009D7FBE /* Info.plist */,
				C37A9EE32D544B50008EF8AB /* TemperatureViewController.swift */,
				C39F1D332D5ADBB400E35F13 /* Example.swift */,
				C39F1D352D5C2BB200E35F13 /* SumViewController.swift */,
				C3E89C802D66BDF30042D0D9 /* SpotifyLoginViewController.swift */,
				C3FFD8E52D6EA55F0071AA60 /* FirstPartialViewController.swift */,
			);
			path = mobile2;
			sourceTree = "<group>";
		};
		C37E36682D4B1086009D7FBE /* mobile2Tests */ = {
			isa = PBXGroup;
			children = (
				C37E36692D4B1087009D7FBE /* mobile2Tests.swift */,
			);
			path = mobile2Tests;
			sourceTree = "<group>";
		};
		C37E36722D4B1087009D7FBE /* mobile2UITests */ = {
			isa = PBXGroup;
			children = (
				C37E36732D4B1087009D7FBE /* mobile2UITests.swift */,
				C37E36752D4B1087009D7FBE /* mobile2UITestsLaunchTests.swift */,
			);
			path = mobile2UITests;
			sourceTree = "<group>";
		};
		C3E89C7F2D66BD210042D0D9 /* Resources */ = {
			isa = PBXGroup;
			children = (
				C363AD502D68146600F85149 /* videoSpotifyLogin.mp4 */,
			);
			path = Resources;
			sourceTree = "<group>";
		};
/* End PBXGroup section */

/* Begin PBXNativeTarget section */
		C37E364E2D4B1082009D7FBE /* mobile2 */ = {
			isa = PBXNativeTarget;
			buildConfigurationList = C37E36792D4B1087009D7FBE /* Build configuration list for PBXNativeTarget "mobile2" */;
			buildPhases = (
				06146F574E75B28C0FE1CC24 /* [CP] Check Pods Manifest.lock */,
				C37E364B2D4B1082009D7FBE /* Sources */,
				C37E364C2D4B1082009D7FBE /* Frameworks */,
				C37E364D2D4B1082009D7FBE /* Resources */,
				D64181B5A90F580AAB138B1F /* [CP] Embed Pods Frameworks */,
			);
			buildRules = (
			);
			dependencies = (
			);
			name = mobile2;
			productName = mobile2;
			productReference = C37E364F2D4B1082009D7FBE /* mobile2.app */;
			productType = "com.apple.product-type.application";
		};
		C37E36642D4B1086009D7FBE /* mobile2Tests */ = {
			isa = PBXNativeTarget;
			buildConfigurationList = C37E367C2D4B1087009D7FBE /* Build configuration list for PBXNativeTarget "mobile2Tests" */;
			buildPhases = (
				7A187368EB1792D2A35A92EC /* [CP] Check Pods Manifest.lock */,
				C37E36612D4B1086009D7FBE /* Sources */,
				C37E36622D4B1086009D7FBE /* Frameworks */,
				C37E36632D4B1086009D7FBE /* Resources */,
			);
			buildRules = (
			);
			dependencies = (
				C37E36672D4B1086009D7FBE /* PBXTargetDependency */,
			);
			name = mobile2Tests;
			productName = mobile2Tests;
			productReference = C37E36652D4B1086009D7FBE /* mobile2Tests.xctest */;
			productType = "com.apple.product-type.bundle.unit-test";
		};
		C37E366E2D4B1087009D7FBE /* mobile2UITests */ = {
			isa = PBXNativeTarget;
			buildConfigurationList = C37E367F2D4B1087009D7FBE /* Build configuration list for PBXNativeTarget "mobile2UITests" */;
			buildPhases = (
				D640D17CE7DC7CD802DD39C3 /* [CP] Check Pods Manifest.lock */,
				C37E366B2D4B1087009D7FBE /* Sources */,
				C37E366C2D4B1087009D7FBE /* Frameworks */,
				C37E366D2D4B1087009D7FBE /* Resources */,
				981BC4D6291904251DB13102 /* [CP] Embed Pods Frameworks */,
			);
			buildRules = (
			);
			dependencies = (
				C37E36712D4B1087009D7FBE /* PBXTargetDependency */,
			);
			name = mobile2UITests;
			productName = mobile2UITests;
			productReference = C37E366F2D4B1087009D7FBE /* mobile2UITests.xctest */;
			productType = "com.apple.product-type.bundle.ui-testing";
		};
/* End PBXNativeTarget section */

/* Begin PBXProject section */
		C37E36472D4B1082009D7FBE /* Project object */ = {
			isa = PBXProject;
			attributes = {
				BuildIndependentTargetsInParallel = 1;
				LastSwiftUpdateCheck = 1520;
				LastUpgradeCheck = 1520;
				TargetAttributes = {
					C37E364E2D4B1082009D7FBE = {
						CreatedOnToolsVersion = 15.2;
					};
					C37E36642D4B1086009D7FBE = {
						CreatedOnToolsVersion = 15.2;
						TestTargetID = C37E364E2D4B1082009D7FBE;
					};
					C37E366E2D4B1087009D7FBE = {
						CreatedOnToolsVersion = 15.2;
						TestTargetID = C37E364E2D4B1082009D7FBE;
					};
				};
			};
			buildConfigurationList = C37E364A2D4B1082009D7FBE /* Build configuration list for PBXProject "mobile2" */;
			compatibilityVersion = "Xcode 14.0";
			developmentRegion = en;
			hasScannedForEncodings = 0;
			knownRegions = (
				en,
				Base,
			);
			mainGroup = C37E36462D4B1082009D7FBE;
			productRefGroup = C37E36502D4B1082009D7FBE /* Products */;
			projectDirPath = "";
			projectRoot = "";
			targets = (
				C37E364E2D4B1082009D7FBE /* mobile2 */,
				C37E36642D4B1086009D7FBE /* mobile2Tests */,
				C37E366E2D4B1087009D7FBE /* mobile2UITests */,
			);
		};
/* End PBXProject section */

/* Begin PBXResourcesBuildPhase section */
		C37E364D2D4B1082009D7FBE /* Resources */ = {
			isa = PBXResourcesBuildPhase;
			buildActionMask = 2147483647;
			files = (
				C37E365F2D4B1086009D7FBE /* LaunchScreen.storyboard in Resources */,
				C37E365C2D4B1086009D7FBE /* Assets.xcassets in Resources */,
				C363AD512D68146600F85149 /* videoSpotifyLogin.mp4 in Resources */,
				C37E365A2D4B1082009D7FBE /* Main.storyboard in Resources */,
			);
			runOnlyForDeploymentPostprocessing = 0;
		};
		C37E36632D4B1086009D7FBE /* Resources */ = {
			isa = PBXResourcesBuildPhase;
			buildActionMask = 2147483647;
			files = (
			);
			runOnlyForDeploymentPostprocessing = 0;
		};
		C37E366D2D4B1087009D7FBE /* Resources */ = {
			isa = PBXResourcesBuildPhase;
			buildActionMask = 2147483647;
			files = (
			);
			runOnlyForDeploymentPostprocessing = 0;
		};
/* End PBXResourcesBuildPhase section */

/* Begin PBXShellScriptBuildPhase section */
		06146F574E75B28C0FE1CC24 /* [CP] Check Pods Manifest.lock */ = {
			isa = PBXShellScriptBuildPhase;
			buildActionMask = 2147483647;
			files = (
			);
			inputFileListPaths = (
			);
			inputPaths = (
				"${PODS_PODFILE_DIR_PATH}/Podfile.lock",
				"${PODS_ROOT}/Manifest.lock",
			);
			name = "[CP] Check Pods Manifest.lock";
			outputFileListPaths = (
			);
			outputPaths = (
				"$(DERIVED_FILE_DIR)/Pods-mobile2-checkManifestLockResult.txt",
			);
			runOnlyForDeploymentPostprocessing = 0;
			shellPath = /bin/sh;
			shellScript = "diff \"${PODS_PODFILE_DIR_PATH}/Podfile.lock\" \"${PODS_ROOT}/Manifest.lock\" > /dev/null\nif [ $? != 0 ] ; then\n    # print error to STDERR\n    echo \"error: The sandbox is not in sync with the Podfile.lock. Run 'pod install' or update your CocoaPods installation.\" >&2\n    exit 1\nfi\n# This output is used by Xcode 'outputs' to avoid re-running this script phase.\necho \"SUCCESS\" > \"${SCRIPT_OUTPUT_FILE_0}\"\n";
			showEnvVarsInLog = 0;
		};
		7A187368EB1792D2A35A92EC /* [CP] Check Pods Manifest.lock */ = {
			isa = PBXShellScriptBuildPhase;
			buildActionMask = 2147483647;
			files = (
			);
			inputFileListPaths = (
			);
			inputPaths = (
				"${PODS_PODFILE_DIR_PATH}/Podfile.lock",
				"${PODS_ROOT}/Manifest.lock",
			);
			name = "[CP] Check Pods Manifest.lock";
			outputFileListPaths = (
			);
			outputPaths = (
				"$(DERIVED_FILE_DIR)/Pods-mobile2Tests-checkManifestLockResult.txt",
			);
			runOnlyForDeploymentPostprocessing = 0;
			shellPath = /bin/sh;
			shellScript = "diff \"${PODS_PODFILE_DIR_PATH}/Podfile.lock\" \"${PODS_ROOT}/Manifest.lock\" > /dev/null\nif [ $? != 0 ] ; then\n    # print error to STDERR\n    echo \"error: The sandbox is not in sync with the Podfile.lock. Run 'pod install' or update your CocoaPods installation.\" >&2\n    exit 1\nfi\n# This output is used by Xcode 'outputs' to avoid re-running this script phase.\necho \"SUCCESS\" > \"${SCRIPT_OUTPUT_FILE_0}\"\n";
			showEnvVarsInLog = 0;
		};
		981BC4D6291904251DB13102 /* [CP] Embed Pods Frameworks */ = {
			isa = PBXShellScriptBuildPhase;
			buildActionMask = 2147483647;
			files = (
			);
			inputFileListPaths = (
				"${PODS_ROOT}/Target Support Files/Pods-mobile2-mobile2UITests/Pods-mobile2-mobile2UITests-frameworks-${CONFIGURATION}-input-files.xcfilelist",
			);
			name = "[CP] Embed Pods Frameworks";
			outputFileListPaths = (
				"${PODS_ROOT}/Target Support Files/Pods-mobile2-mobile2UITests/Pods-mobile2-mobile2UITests-frameworks-${CONFIGURATION}-output-files.xcfilelist",
			);
			runOnlyForDeploymentPostprocessing = 0;
			shellPath = /bin/sh;
			shellScript = "\"${PODS_ROOT}/Target Support Files/Pods-mobile2-mobile2UITests/Pods-mobile2-mobile2UITests-frameworks.sh\"\n";
			showEnvVarsInLog = 0;
		};
		D640D17CE7DC7CD802DD39C3 /* [CP] Check Pods Manifest.lock */ = {
			isa = PBXShellScriptBuildPhase;
			buildActionMask = 2147483647;
			files = (
			);
			inputFileListPaths = (
			);
			inputPaths = (
				"${PODS_PODFILE_DIR_PATH}/Podfile.lock",
				"${PODS_ROOT}/Manifest.lock",
			);
			name = "[CP] Check Pods Manifest.lock";
			outputFileListPaths = (
			);
			outputPaths = (
				"$(DERIVED_FILE_DIR)/Pods-mobile2-mobile2UITests-checkManifestLockResult.txt",
			);
			runOnlyForDeploymentPostprocessing = 0;
			shellPath = /bin/sh;
			shellScript = "diff \"${PODS_PODFILE_DIR_PATH}/Podfile.lock\" \"${PODS_ROOT}/Manifest.lock\" > /dev/null\nif [ $? != 0 ] ; then\n    # print error to STDERR\n    echo \"error: The sandbox is not in sync with the Podfile.lock. Run 'pod install' or update your CocoaPods installation.\" >&2\n    exit 1\nfi\n# This output is used by Xcode 'outputs' to avoid re-running this script phase.\necho \"SUCCESS\" > \"${SCRIPT_OUTPUT_FILE_0}\"\n";
			showEnvVarsInLog = 0;
		};
		D64181B5A90F580AAB138B1F /* [CP] Embed Pods Frameworks */ = {
			isa = PBXShellScriptBuildPhase;
			buildActionMask = 2147483647;
			files = (
			);
			inputFileListPaths = (
				"${PODS_ROOT}/Target Support Files/Pods-mobile2/Pods-mobile2-frameworks-${CONFIGURATION}-input-files.xcfilelist",
			);
			name = "[CP] Embed Pods Frameworks";
			outputFileListPaths = (
				"${PODS_ROOT}/Target Support Files/Pods-mobile2/Pods-mobile2-frameworks-${CONFIGURATION}-output-files.xcfilelist",
			);
			runOnlyForDeploymentPostprocessing = 0;
			shellPath = /bin/sh;
			shellScript = "\"${PODS_ROOT}/Target Support Files/Pods-mobile2/Pods-mobile2-frameworks.sh\"\n";
			showEnvVarsInLog = 0;
		};
/* End PBXShellScriptBuildPhase section */

/* Begin PBXSourcesBuildPhase section */
		C37E364B2D4B1082009D7FBE /* Sources */ = {
			isa = PBXSourcesBuildPhase;
			buildActionMask = 2147483647;
			files = (
				C37E36572D4B1082009D7FBE /* ViewController.swift in Sources */,
				C37E36532D4B1082009D7FBE /* AppDelegate.swift in Sources */,
				C39F1D362D5C2BB200E35F13 /* SumViewController.swift in Sources */,
				C37E36552D4B1082009D7FBE /* SceneDelegate.swift in Sources */,
				C37A9EE42D544B50008EF8AB /* TemperatureViewController.swift in Sources */,
				C3E89C812D66BDF30042D0D9 /* SpotifyLoginViewController.swift in Sources */,
				C3FFD8E62D6EA55F0071AA60 /* FirstPartialViewController.swift in Sources */,
				C39F1D342D5ADBB400E35F13 /* Example.swift in Sources */,
			);
			runOnlyForDeploymentPostprocessing = 0;
		};
		C37E36612D4B1086009D7FBE /* Sources */ = {
			isa = PBXSourcesBuildPhase;
			buildActionMask = 2147483647;
			files = (
				C37E366A2D4B1087009D7FBE /* mobile2Tests.swift in Sources */,
			);
			runOnlyForDeploymentPostprocessing = 0;
		};
		C37E366B2D4B1087009D7FBE /* Sources */ = {
			isa = PBXSourcesBuildPhase;
			buildActionMask = 2147483647;
			files = (
				C37E36742D4B1087009D7FBE /* mobile2UITests.swift in Sources */,
				C37E36762D4B1087009D7FBE /* mobile2UITestsLaunchTests.swift in Sources */,
			);
			runOnlyForDeploymentPostprocessing = 0;
		};
/* End PBXSourcesBuildPhase section */

/* Begin PBXTargetDependency section */
		C37E36672D4B1086009D7FBE /* PBXTargetDependency */ = {
			isa = PBXTargetDependency;
			target = C37E364E2D4B1082009D7FBE /* mobile2 */;
			targetProxy = C37E36662D4B1086009D7FBE /* PBXContainerItemProxy */;
		};
		C37E36712D4B1087009D7FBE /* PBXTargetDependency */ = {
			isa = PBXTargetDependency;
			target = C37E364E2D4B1082009D7FBE /* mobile2 */;
			targetProxy = C37E36702D4B1087009D7FBE /* PBXContainerItemProxy */;
		};
/* End PBXTargetDependency section */

/* Begin PBXVariantGroup section */
		C37E36582D4B1082009D7FBE /* Main.storyboard */ = {
			isa = PBXVariantGroup;
			children = (
				C37E36592D4B1082009D7FBE /* Base */,
			);
			name = Main.storyboard;
			sourceTree = "<group>";
		};
		C37E365D2D4B1086009D7FBE /* LaunchScreen.storyboard */ = {
			isa = PBXVariantGroup;
			children = (
				C37E365E2D4B1086009D7FBE /* Base */,
			);
			name = LaunchScreen.storyboard;
			sourceTree = "<group>";
		};
/* End PBXVariantGroup section */

/* Begin XCBuildConfiguration section */
		C37E36772D4B1087009D7FBE /* Debug */ = {
			isa = XCBuildConfiguration;
			buildSettings = {
				ALWAYS_SEARCH_USER_PATHS = NO;
				ASSETCATALOG_COMPILER_GENERATE_SWIFT_ASSET_SYMBOL_EXTENSIONS = YES;
				CLANG_ANALYZER_NONNULL = YES;
				CLANG_ANALYZER_NUMBER_OBJECT_CONVERSION = YES_AGGRESSIVE;
				CLANG_CXX_LANGUAGE_STANDARD = "gnu++20";
				CLANG_ENABLE_MODULES = YES;
				CLANG_ENABLE_OBJC_ARC = YES;
				CLANG_ENABLE_OBJC_WEAK = YES;
				CLANG_WARN_BLOCK_CAPTURE_AUTORELEASING = YES;
				CLANG_WARN_BOOL_CONVERSION = YES;
				CLANG_WARN_COMMA = YES;
				CLANG_WARN_CONSTANT_CONVERSION = YES;
				CLANG_WARN_DEPRECATED_OBJC_IMPLEMENTATIONS = YES;
				CLANG_WARN_DIRECT_OBJC_ISA_USAGE = YES_ERROR;
				CLANG_WARN_DOCUMENTATION_COMMENTS = YES;
				CLANG_WARN_EMPTY_BODY = YES;
				CLANG_WARN_ENUM_CONVERSION = YES;
				CLANG_WARN_INFINITE_RECURSION = YES;
				CLANG_WARN_INT_CONVERSION = YES;
				CLANG_WARN_NON_LITERAL_NULL_CONVERSION = YES;
				CLANG_WARN_OBJC_IMPLICIT_RETAIN_SELF = YES;
				CLANG_WARN_OBJC_LITERAL_CONVERSION = YES;
				CLANG_WARN_OBJC_ROOT_CLASS = YES_ERROR;
				CLANG_WARN_QUOTED_INCLUDE_IN_FRAMEWORK_HEADER = YES;
				CLANG_WARN_RANGE_LOOP_ANALYSIS = YES;
				CLANG_WARN_STRICT_PROTOTYPES = YES;
				CLANG_WARN_SUSPICIOUS_MOVE = YES;
				CLANG_WARN_UNGUARDED_AVAILABILITY = YES_AGGRESSIVE;
				CLANG_WARN_UNREACHABLE_CODE = YES;
				CLANG_WARN__DUPLICATE_METHOD_MATCH = YES;
				COPY_PHASE_STRIP = NO;
				DEBUG_INFORMATION_FORMAT = dwarf;
				ENABLE_STRICT_OBJC_MSGSEND = YES;
				ENABLE_TESTABILITY = YES;
				ENABLE_USER_SCRIPT_SANDBOXING = NO;
				GCC_C_LANGUAGE_STANDARD = gnu17;
				GCC_DYNAMIC_NO_PIC = NO;
				GCC_NO_COMMON_BLOCKS = YES;
				GCC_OPTIMIZATION_LEVEL = 0;
				GCC_PREPROCESSOR_DEFINITIONS = (
					"DEBUG=1",
					"$(inherited)",
				);
				GCC_WARN_64_TO_32_BIT_CONVERSION = YES;
				GCC_WARN_ABOUT_RETURN_TYPE = YES_ERROR;
				GCC_WARN_UNDECLARED_SELECTOR = YES;
				GCC_WARN_UNINITIALIZED_AUTOS = YES_AGGRESSIVE;
				GCC_WARN_UNUSED_FUNCTION = YES;
				GCC_WARN_UNUSED_VARIABLE = YES;
				IPHONEOS_DEPLOYMENT_TARGET = 17.2;
				LOCALIZATION_PREFERS_STRING_CATALOGS = YES;
				MTL_ENABLE_DEBUG_INFO = INCLUDE_SOURCE;
				MTL_FAST_MATH = YES;
				ONLY_ACTIVE_ARCH = YES;
				SDKROOT = iphoneos;
				SWIFT_ACTIVE_COMPILATION_CONDITIONS = "DEBUG $(inherited)";
				SWIFT_OPTIMIZATION_LEVEL = "-Onone";
			};
			name = Debug;
		};
		C37E36782D4B1087009D7FBE /* Release */ = {
			isa = XCBuildConfiguration;
			buildSettings = {
				ALWAYS_SEARCH_USER_PATHS = NO;
				ASSETCATALOG_COMPILER_GENERATE_SWIFT_ASSET_SYMBOL_EXTENSIONS = YES;
				CLANG_ANALYZER_NONNULL = YES;
				CLANG_ANALYZER_NUMBER_OBJECT_CONVERSION = YES_AGGRESSIVE;
				CLANG_CXX_LANGUAGE_STANDARD = "gnu++20";
				CLANG_ENABLE_MODULES = YES;
				CLANG_ENABLE_OBJC_ARC = YES;
				CLANG_ENABLE_OBJC_WEAK = YES;
				CLANG_WARN_BLOCK_CAPTURE_AUTORELEASING = YES;
				CLANG_WARN_BOOL_CONVERSION = YES;
				CLANG_WARN_COMMA = YES;
				CLANG_WARN_CONSTANT_CONVERSION = YES;
				CLANG_WARN_DEPRECATED_OBJC_IMPLEMENTATIONS = YES;
				CLANG_WARN_DIRECT_OBJC_ISA_USAGE = YES_ERROR;
				CLANG_WARN_DOCUMENTATION_COMMENTS = YES;
				CLANG_WARN_EMPTY_BODY = YES;
				CLANG_WARN_ENUM_CONVERSION = YES;
				CLANG_WARN_INFINITE_RECURSION = YES;
				CLANG_WARN_INT_CONVERSION = YES;
				CLANG_WARN_NON_LITERAL_NULL_CONVERSION = YES;
				CLANG_WARN_OBJC_IMPLICIT_RETAIN_SELF = YES;
				CLANG_WARN_OBJC_LITERAL_CONVERSION = YES;
				CLANG_WARN_OBJC_ROOT_CLASS = YES_ERROR;
				CLANG_WARN_QUOTED_INCLUDE_IN_FRAMEWORK_HEADER = YES;
				CLANG_WARN_RANGE_LOOP_ANALYSIS = YES;
				CLANG_WARN_STRICT_PROTOTYPES = YES;
				CLANG_WARN_SUSPICIOUS_MOVE = YES;
				CLANG_WARN_UNGUARDED_AVAILABILITY = YES_AGGRESSIVE;
				CLANG_WARN_UNREACHABLE_CODE = YES;
				CLANG_WARN__DUPLICATE_METHOD_MATCH = YES;
				COPY_PHASE_STRIP = NO;
				DEBUG_INFORMATION_FORMAT = "dwarf-with-dsym";
				ENABLE_NS_ASSERTIONS = NO;
				ENABLE_STRICT_OBJC_MSGSEND = YES;
				ENABLE_USER_SCRIPT_SANDBOXING = NO;
				GCC_C_LANGUAGE_STANDARD = gnu17;
				GCC_NO_COMMON_BLOCKS = YES;
				GCC_WARN_64_TO_32_BIT_CONVERSION = YES;
				GCC_WARN_ABOUT_RETURN_TYPE = YES_ERROR;
				GCC_WARN_UNDECLARED_SELECTOR = YES;
				GCC_WARN_UNINITIALIZED_AUTOS = YES_AGGRESSIVE;
				GCC_WARN_UNUSED_FUNCTION = YES;
				GCC_WARN_UNUSED_VARIABLE = YES;
				IPHONEOS_DEPLOYMENT_TARGET = 17.2;
				LOCALIZATION_PREFERS_STRING_CATALOGS = YES;
				MTL_ENABLE_DEBUG_INFO = NO;
				MTL_FAST_MATH = YES;
				SDKROOT = iphoneos;
				SWIFT_COMPILATION_MODE = wholemodule;
				VALIDATE_PRODUCT = YES;
			};
			name = Release;
		};
		C37E367A2D4B1087009D7FBE /* Debug */ = {
			isa = XCBuildConfiguration;
			baseConfigurationReference = CB04E63161B2B6D13AA59560 /* Pods-mobile2.debug.xcconfig */;
			buildSettings = {
				ASSETCATALOG_COMPILER_APPICON_NAME = AppIcon;
				ASSETCATALOG_COMPILER_GLOBAL_ACCENT_COLOR_NAME = AccentColor;
				CODE_SIGN_STYLE = Automatic;
				CURRENT_PROJECT_VERSION = 1;
				GENERATE_INFOPLIST_FILE = YES;
				INFOPLIST_FILE = mobile2/Info.plist;
				INFOPLIST_KEY_UIApplicationSupportsIndirectInputEvents = YES;
				INFOPLIST_KEY_UILaunchStoryboardName = LaunchScreen;
				INFOPLIST_KEY_UIMainStoryboardFile = Main;
				INFOPLIST_KEY_UISupportedInterfaceOrientations_iPad = "UIInterfaceOrientationPortrait UIInterfaceOrientationPortraitUpsideDown UIInterfaceOrientationLandscapeLeft UIInterfaceOrientationLandscapeRight";
				INFOPLIST_KEY_UISupportedInterfaceOrientations_iPhone = "UIInterfaceOrientationPortrait UIInterfaceOrientationLandscapeLeft UIInterfaceOrientationLandscapeRight";
				IPHONEOS_DEPLOYMENT_TARGET = 17.2;
				LD_RUNPATH_SEARCH_PATHS = (
					"$(inherited)",
					"@executable_path/Frameworks",
				);
				MARKETING_VERSION = 1.0;
				PRODUCT_BUNDLE_IDENTIFIER = com.jasso.mobile2;
				PRODUCT_NAME = "$(TARGET_NAME)";
				SWIFT_EMIT_LOC_STRINGS = YES;
				SWIFT_VERSION = 5.0;
				TARGETED_DEVICE_FAMILY = "1,2";
			};
			name = Debug;
		};
		C37E367B2D4B1087009D7FBE /* Release */ = {
			isa = XCBuildConfiguration;
			baseConfigurationReference = C9043B7EE4718E3054B921E7 /* Pods-mobile2.release.xcconfig */;
			buildSettings = {
				ASSETCATALOG_COMPILER_APPICON_NAME = AppIcon;
				ASSETCATALOG_COMPILER_GLOBAL_ACCENT_COLOR_NAME = AccentColor;
				CODE_SIGN_STYLE = Automatic;
				CURRENT_PROJECT_VERSION = 1;
				GENERATE_INFOPLIST_FILE = YES;
				INFOPLIST_FILE = mobile2/Info.plist;
				INFOPLIST_KEY_UIApplicationSupportsIndirectInputEvents = YES;
				INFOPLIST_KEY_UILaunchStoryboardName = LaunchScreen;
				INFOPLIST_KEY_UIMainStoryboardFile = Main;
				INFOPLIST_KEY_UISupportedInterfaceOrientations_iPad = "UIInterfaceOrientationPortrait UIInterfaceOrientationPortraitUpsideDown UIInterfaceOrientationLandscapeLeft UIInterfaceOrientationLandscapeRight";
				INFOPLIST_KEY_UISupportedInterfaceOrientations_iPhone = "UIInterfaceOrientationPortrait UIInterfaceOrientationLandscapeLeft UIInterfaceOrientationLandscapeRight";
				IPHONEOS_DEPLOYMENT_TARGET = 17.2;
				LD_RUNPATH_SEARCH_PATHS = (
					"$(inherited)",
					"@executable_path/Frameworks",
				);
				MARKETING_VERSION = 1.0;
				PRODUCT_BUNDLE_IDENTIFIER = com.jasso.mobile2;
				PRODUCT_NAME = "$(TARGET_NAME)";
				SWIFT_EMIT_LOC_STRINGS = YES;
				SWIFT_VERSION = 5.0;
				TARGETED_DEVICE_FAMILY = "1,2";
			};
			name = Release;
		};
		C37E367D2D4B1087009D7FBE /* Debug */ = {
			isa = XCBuildConfiguration;
			baseConfigurationReference = AB14BF9940CFEDF7450BD08A /* Pods-mobile2Tests.debug.xcconfig */;
			buildSettings = {
				ALWAYS_EMBED_SWIFT_STANDARD_LIBRARIES = YES;
				BUNDLE_LOADER = "$(TEST_HOST)";
				CODE_SIGN_STYLE = Automatic;
				CURRENT_PROJECT_VERSION = 1;
				GENERATE_INFOPLIST_FILE = YES;
				IPHONEOS_DEPLOYMENT_TARGET = 17.2;
				MARKETING_VERSION = 1.0;
				PRODUCT_BUNDLE_IDENTIFIER = com.jasso.mobile2Tests;
				PRODUCT_NAME = "$(TARGET_NAME)";
				SWIFT_EMIT_LOC_STRINGS = NO;
				SWIFT_VERSION = 5.0;
				TARGETED_DEVICE_FAMILY = "1,2";
				TEST_HOST = "$(BUILT_PRODUCTS_DIR)/mobile2.app/$(BUNDLE_EXECUTABLE_FOLDER_PATH)/mobile2";
			};
			name = Debug;
		};
		C37E367E2D4B1087009D7FBE /* Release */ = {
			isa = XCBuildConfiguration;
			baseConfigurationReference = 8926B5BCABAADCE4DB6B490B /* Pods-mobile2Tests.release.xcconfig */;
			buildSettings = {
				ALWAYS_EMBED_SWIFT_STANDARD_LIBRARIES = YES;
				BUNDLE_LOADER = "$(TEST_HOST)";
				CODE_SIGN_STYLE = Automatic;
				CURRENT_PROJECT_VERSION = 1;
				GENERATE_INFOPLIST_FILE = YES;
				IPHONEOS_DEPLOYMENT_TARGET = 17.2;
				MARKETING_VERSION = 1.0;
				PRODUCT_BUNDLE_IDENTIFIER = com.jasso.mobile2Tests;
				PRODUCT_NAME = "$(TARGET_NAME)";
				SWIFT_EMIT_LOC_STRINGS = NO;
				SWIFT_VERSION = 5.0;
				TARGETED_DEVICE_FAMILY = "1,2";
				TEST_HOST = "$(BUILT_PRODUCTS_DIR)/mobile2.app/$(BUNDLE_EXECUTABLE_FOLDER_PATH)/mobile2";
			};
			name = Release;
		};
		C37E36802D4B1087009D7FBE /* Debug */ = {
			isa = XCBuildConfiguration;
			baseConfigurationReference = 36802FC90FDC2CC7F94ED494 /* Pods-mobile2-mobile2UITests.debug.xcconfig */;
			buildSettings = {
				ALWAYS_EMBED_SWIFT_STANDARD_LIBRARIES = YES;
				CODE_SIGN_STYLE = Automatic;
				CURRENT_PROJECT_VERSION = 1;
				GENERATE_INFOPLIST_FILE = YES;
				MARKETING_VERSION = 1.0;
				PRODUCT_BUNDLE_IDENTIFIER = com.jasso.mobile2UITests;
				PRODUCT_NAME = "$(TARGET_NAME)";
				SWIFT_EMIT_LOC_STRINGS = NO;
				SWIFT_VERSION = 5.0;
				TARGETED_DEVICE_FAMILY = "1,2";
				TEST_TARGET_NAME = mobile2;
			};
			name = Debug;
		};
		C37E36812D4B1087009D7FBE /* Release */ = {
			isa = XCBuildConfiguration;
			baseConfigurationReference = FCE6FF8F0BD044ABE139B6C1 /* Pods-mobile2-mobile2UITests.release.xcconfig */;
			buildSettings = {
				ALWAYS_EMBED_SWIFT_STANDARD_LIBRARIES = YES;
				CODE_SIGN_STYLE = Automatic;
				CURRENT_PROJECT_VERSION = 1;
				GENERATE_INFOPLIST_FILE = YES;
				MARKETING_VERSION = 1.0;
				PRODUCT_BUNDLE_IDENTIFIER = com.jasso.mobile2UITests;
				PRODUCT_NAME = "$(TARGET_NAME)";
				SWIFT_EMIT_LOC_STRINGS = NO;
				SWIFT_VERSION = 5.0;
				TARGETED_DEVICE_FAMILY = "1,2";
				TEST_TARGET_NAME = mobile2;
			};
			name = Release;
		};
/* End XCBuildConfiguration section */

/* Begin XCConfigurationList section */
		C37E364A2D4B1082009D7FBE /* Build configuration list for PBXProject "mobile2" */ = {
			isa = XCConfigurationList;
			buildConfigurations = (
				C37E36772D4B1087009D7FBE /* Debug */,
				C37E36782D4B1087009D7FBE /* Release */,
			);
			defaultConfigurationIsVisible = 0;
			defaultConfigurationName = Release;
		};
		C37E36792D4B1087009D7FBE /* Build configuration list for PBXNativeTarget "mobile2" */ = {
			isa = XCConfigurationList;
			buildConfigurations = (
				C37E367A2D4B1087009D7FBE /* Debug */,
				C37E367B2D4B1087009D7FBE /* Release */,
			);
			defaultConfigurationIsVisible = 0;
			defaultConfigurationName = Release;
		};
		C37E367C2D4B1087009D7FBE /* Build configuration list for PBXNativeTarget "mobile2Tests" */ = {
			isa = XCConfigurationList;
			buildConfigurations = (
				C37E367D2D4B1087009D7FBE /* Debug */,
				C37E367E2D4B1087009D7FBE /* Release */,
			);
			defaultConfigurationIsVisible = 0;
			defaultConfigurationName = Release;
		};
		C37E367F2D4B1087009D7FBE /* Build configuration list for PBXNativeTarget "mobile2UITests" */ = {
			isa = XCConfigurationList;
			buildConfigurations = (
				C37E36802D4B1087009D7FBE /* Debug */,
				C37E36812D4B1087009D7FBE /* Release */,
			);
			defaultConfigurationIsVisible = 0;
			defaultConfigurationName = Release;
		};
/* End XCConfigurationList section */
	};
	rootObject = C37E36472D4B1082009D7FBE /* Project object */;
}
